
Microsoft Visual Studio Solution File, Format Version 9.00
# Visual Studio 2005
Project("{E24C65DC-7377-472B-9ABA-BC803B73C61A}") = "C:\ArtmanCMS\", "C:\ArtmanCMS\", "{0180403C-A8D6-45D4-A658-DB5CC6FB980A}"
	ProjectSection(WebsiteProperties) = preProject
		Debug.AspNetCompiler.VirtualPath = "/ArtmanCMS"
		Debug.AspNetCompiler.PhysicalPath = "C:\ArtmanCMS\"
		Debug.AspNetCompiler.TargetPath = "PrecompiledWeb\ArtmanCMS\"
		Debug.AspNetCompiler.Updateable = "true"
		Debug.AspNetCompiler.ForceOverwrite = "true"
		Debug.AspNetCompiler.FixedNames = "false"
		Debug.AspNetCompiler.Debug = "True"
		Release.AspNetCompiler.VirtualPath = "/ArtmanCMS"
		Release.AspNetCompiler.PhysicalPath = "C:\ArtmanCMS\"
		Release.AspNetCompiler.TargetPath = "PrecompiledWeb\ArtmanCMS\"
		Release.AspNetCompiler.Updateable = "true"
		Release.AspNetCompiler.ForceOverwrite = "true"
		Release.AspNetCompiler.FixedNames = "false"
		Release.AspNetCompiler.Debug = "False"
		VWDPort = "3429"
		DefaultWebSiteLanguage = "Visual C#"
	EndProjectSection
EndProject
Global
	GlobalSection(SolutionConfigurationPlatforms) = preSolution
		Debug|.NET = Debug|.NET
	EndGlobalSection
	GlobalSection(ProjectConfigurationPlatforms) = postSolution
		{0180403C-A8D6-45D4-A658-DB5CC6FB980A}.Debug|.NET.ActiveCfg = Debug|.NET
		{0180403C-A8D6-45D4-A658-DB5CC6FB980A}.Debug|.NET.Build.0 = Debug|.NET
	EndGlobalSection
	GlobalSection(SolutionProperties) = preSolution
		HideSolutionNode = FALSE
	EndGlobalSection
EndGlobal
